
Microsoft Visual Studio Solution File, Format Version 12.00
# Visual Studio Version 17
VisualStudioVersion = 17.1.32407.343
MinimumVisualStudioVersion = 10.0.40219.1
Project("{8BC9CEB8-8B4A-11D0-8D11-00A0C91BC942}") = "Happy Number", "Happy Number.vcxproj", "{369F4E02-34D2-4B18-B893-226AF251824F}"
EndProject
Global
	GlobalSection(SolutionConfigurationPlatforms) = preSolution
		Debug|x64 = Debug|x64
		Debug|x86 = Debug|x86
		Release|x64 = Release|x64
		Release|x86 = Release|x86
	EndGlobalSection
	GlobalSection(ProjectConfigurationPlatforms) = postSolution
		{369F4E02-34D2-4B18-B893-226AF251824F}.Debug|x64.ActiveCfg = Debug|x64
		{369F4E02-34D2-4B18-B893-226AF251824F}.Debug|x64.Build.0 = Debug|x64
		{369F4E02-34D2-4B18-B893-226AF251824F}.Debug|x86.ActiveCfg = Debug|Win32
		{369F4E02-34D2-4B18-B893-226AF251824F}.Debug|x86.Build.0 = Debug|Win32
		{369F4E02-34D2-4B18-B893-226AF251824F}.Release|x64.ActiveCfg = Release|x64
		{369F4E02-34D2-4B18-B893-226AF251824F}.Release|x64.Build.0 = Release|x64
		{369F4E02-34D2-4B18-B893-226AF251824F}.Release|x86.ActiveCfg = Release|Win32
		{369F4E02-34D2-4B18-B893-226AF251824F}.Release|x86.Build.0 = Release|Win32
	EndGlobalSection
	GlobalSection(SolutionProperties) = preSolution
		HideSolutionNode = FALSE
	EndGlobalSection
	GlobalSection(ExtensibilityGlobals) = postSolution
		SolutionGuid = {4ADBE4A0-89DD-4DBB-A56C-D91B5E5AE334}
	EndGlobalSection
EndGlobal
